{
  "name": "foodmaps",
  "version": "1.0.0",
  "lockfileVersion": 1,
  "requires": true,
  "dependencies": {
    "@vertx/core": {
      "version": "3.9.3",
      "resolved": "https://registry.npmjs.org/@vertx/core/-/core-3.9.3.tgz",
      "integrity": "sha512-lhVUnsAM3ftZwVodhV6nUzNoKPP7eCAxLQxVexeampSVO+bDIUKKHah0tvso5FD/PBSd2kTL7J35dwBVYQCY/Q=="
    },
    "@vertx/unit": {
      "version": "3.9.3",
      "resolved": "https://registry.npmjs.org/@vertx/unit/-/unit-3.9.3.tgz",
      "integrity": "sha512-XX6yhebhB8ObcMtpihLSNts+5V0YINguAm0XL8iVzIyrZEH2Z9d3a0ldZLxTh0aAC4f/Gl3NBDX8Eh3vYFjwzg==",
      "dev": true,
      "requires": {
        "@vertx/core": "3.9.3"
      },
      "dependencies": {
        "@vertx/core": {
          "version": "3.9.3",
          "resolved": "https://registry.npmjs.org/@vertx/core/-/core-3.9.3.tgz",
          "integrity": "sha512-lhVUnsAM3ftZwVodhV6nUzNoKPP7eCAxLQxVexeampSVO+bDIUKKHah0tvso5FD/PBSd2kTL7J35dwBVYQCY/Q==",
          "dev": true
        }
      }
    }
  }
}
