{
  "name": "foodmaps",
  "version": "1.0.0",
  "lockfileVersion": 1,
  "requires": true,
  "dependencies": {
    "@vertx/auth-common": {
      "version": "3.9.3",
      "resolved": "https://registry.npmjs.org/@vertx/auth-common/-/auth-common-3.9.3.tgz",
      "integrity": "sha512-qtbmssNhjQNoyCkNMniptQLS7fqFFnONip73UOJgpKdckqUGutfSHsDhlldMeb6wWHL7XJT2AfhmpiwrYnUgNg==",
      "requires": {
        "@vertx/core": "3.9.3"
      }
    },
    "@vertx/bridge-common": {
      "version": "3.9.3",
      "resolved": "https://registry.npmjs.org/@vertx/bridge-common/-/bridge-common-3.9.3.tgz",
      "integrity": "sha512-bTpO+dmaU2Bvyjay+riq7HIqSJ5UZ2KCmOC1FEaNhitq/XsyYOQe0p0OZojyX7ygQWsHZl4UcZn+FSP2cg9j6w==",
      "requires": {
        "@vertx/core": "3.9.3"
      }
    },
    "@vertx/core": {
      "version": "3.9.3",
      "resolved": "https://registry.npmjs.org/@vertx/core/-/core-3.9.3.tgz",
      "integrity": "sha512-lhVUnsAM3ftZwVodhV6nUzNoKPP7eCAxLQxVexeampSVO+bDIUKKHah0tvso5FD/PBSd2kTL7J35dwBVYQCY/Q=="
    },
    "@vertx/unit": {
      "version": "3.9.3",
      "resolved": "https://registry.npmjs.org/@vertx/unit/-/unit-3.9.3.tgz",
      "integrity": "sha512-XX6yhebhB8ObcMtpihLSNts+5V0YINguAm0XL8iVzIyrZEH2Z9d3a0ldZLxTh0aAC4f/Gl3NBDX8Eh3vYFjwzg==",
      "dev": true,
      "requires": {
        "@vertx/core": "3.9.3"
      },
      "dependencies": {
        "@vertx/core": {
          "version": "3.9.3",
          "resolved": "https://registry.npmjs.org/@vertx/core/-/core-3.9.3.tgz",
          "integrity": "sha512-lhVUnsAM3ftZwVodhV6nUzNoKPP7eCAxLQxVexeampSVO+bDIUKKHah0tvso5FD/PBSd2kTL7J35dwBVYQCY/Q==",
          "dev": true
        }
      }
    },
    "@vertx/web": {
      "version": "3.9.3",
      "resolved": "https://registry.npmjs.org/@vertx/web/-/web-3.9.3.tgz",
      "integrity": "sha512-A1eVO9QjB7VsYZIFzl+finRXkSgQCS09I/8GR2jsV/dapROVdSUbkDyRRMC/qmm3oOc7D0zIn3mqvHUae1paKg==",
      "requires": {
        "@vertx/auth-common": "3.9.3",
        "@vertx/bridge-common": "3.9.3",
        "@vertx/core": "3.9.3",
        "@vertx/web-common": "3.9.3"
      }
    },
    "@vertx/web-common": {
      "version": "3.9.3",
      "resolved": "https://registry.npmjs.org/@vertx/web-common/-/web-common-3.9.3.tgz",
      "integrity": "sha512-24B+gLngTvh1miIMOwZq/iHl8UupUZEw3ITJ38JlkGh5VIUxhEiEVZdoK2G/RKxNJQZzU0GB4z7DN/sNsYP45Q==",
      "requires": {
        "@vertx/core": "3.9.3"
      }
    },
    "@vertx/web-templ-handlebars": {
      "version": "3.9.3",
      "resolved": "https://registry.npmjs.org/@vertx/web-templ-handlebars/-/web-templ-handlebars-3.9.3.tgz",
      "integrity": "sha512-YMF0oc9b07HKxd6rfIUIdZPCIy4k+iAPs9vs34U6lOkMprR3p524FKnV3xHNHrrrwVk4rDbCVVa8FLn1z3+fAA==",
      "requires": {
        "@vertx/core": "3.9.3",
        "@vertx/web": "3.9.3"
      }
    }
  }
}
