{
  "version": "v1",
  "packages": {
    "@onest.network/correct-js": {
      "signature": "ac540ef25aa8ba05da5c10a2954385d5",
      "file": true,
      "replaced": "file:../utils/correct-js"
    },
    "@onest.network/simple-db": {
      "signature": "811e5de1400f012dd9cab1b044ccc300",
      "file": true
    },
    "imba": {
      "signature": "62e83782c7c1df281ac812b4f641ebd0",
      "file": true,
      "replaced": "https://github.com/imba/imba"
    },
    "layer-compose": {
      "signature": "1c4eb2d3068afefec5f3e58148da9840"
    }
  }
}